// !$*UTF8*$!
{
	archiveVersion = 1;
	classes = {
	};
	objectVersion = 46;
	objects = {

/* Begin PBXBuildFile section */
		1E58FF031D96326900ED255E /* MapView+Extensions.swift in Sources */ = {isa = PBXBuildFile; fileRef = 1E58FF021D96326900ED255E /* MapView+Extensions.swift */; };
		1E8B04011D944F6900E20A44 /* AppDelegate.swift in Sources */ = {isa = PBXBuildFile; fileRef = 1E8B04001D944F6900E20A44 /* AppDelegate.swift */; };
		1E8B04031D944F6900E20A44 /* MapViewController.swift in Sources */ = {isa = PBXBuildFile; fileRef = 1E8B04021D944F6900E20A44 /* MapViewController.swift */; };
		1E8B04061D944F6900E20A44 /* Main.storyboard in Resources */ = {isa = PBXBuildFile; fileRef = 1E8B04041D944F6900E20A44 /* Main.storyboard */; };
		1E8B04081D944F6900E20A44 /* Assets.xcassets in Resources */ = {isa = PBXBuildFile; fileRef = 1E8B04071D944F6900E20A44 /* Assets.xcassets */; };
		1E8B040B1D944F6900E20A44 /* LaunchScreen.storyboard in Resources */ = {isa = PBXBuildFile; fileRef = 1E8B04091D944F6900E20A44 /* LaunchScreen.storyboard */; };
		1E8B04131D94550A00E20A44 /* DataController.swift in Sources */ = {isa = PBXBuildFile; fileRef = 1E8B04121D94550A00E20A44 /* DataController.swift */; };
		1E8B04151D94706C00E20A44 /* Model.swift in Sources */ = {isa = PBXBuildFile; fileRef = 1E8B04141D94706C00E20A44 /* Model.swift */; };
/* End PBXBuildFile section */

/* Begin PBXFileReference section */
		1E58FF021D96326900ED255E /* MapView+Extensions.swift */ = {isa = PBXFileReference; fileEncoding = 4; lastKnownFileType = sourcecode.swift; path = "MapView+Extensions.swift"; sourceTree = "<group>"; };
		1E8B03FD1D944F6900E20A44 /* VirtualTourist.app */ = {isa = PBXFileReference; explicitFileType = wrapper.application; includeInIndex = 0; path = VirtualTourist.app; sourceTree = BUILT_PRODUCTS_DIR; };
		1E8B04001D944F6900E20A44 /* AppDelegate.swift */ = {isa = PBXFileReference; lastKnownFileType = sourcecode.swift; path = AppDelegate.swift; sourceTree = "<group>"; };
		1E8B04021D944F6900E20A44 /* MapViewController.swift */ = {isa = PBXFileReference; lastKnownFileType = sourcecode.swift; path = MapViewController.swift; sourceTree = "<group>"; };
		1E8B04051D944F6900E20A44 /* Base */ = {isa = PBXFileReference; lastKnownFileType = file.storyboard; name = Base; path = Base.lproj/Main.storyboard; sourceTree = "<group>"; };
		1E8B04071D944F6900E20A44 /* Assets.xcassets */ = {isa = PBXFileReference; lastKnownFileType = folder.assetcatalog; path = Assets.xcassets; sourceTree = "<group>"; };
		1E8B040A1D944F6900E20A44 /* Base */ = {isa = PBXFileReference; lastKnownFileType = file.storyboard; name = Base; path = Base.lproj/LaunchScreen.storyboard; sourceTree = "<group>"; };
		1E8B040C1D944F6900E20A44 /* Info.plist */ = {isa = PBXFileReference; lastKnownFileType = text.plist.xml; path = Info.plist; sourceTree = "<group>"; };
		1E8B04121D94550A00E20A44 /* DataController.swift */ = {isa = PBXFileReference; fileEncoding = 4; lastKnownFileType = sourcecode.swift; path = DataController.swift; sourceTree = "<group>"; };
		1E8B04141D94706C00E20A44 /* Model.swift */ = {isa = PBXFileReference; fileEncoding = 4; lastKnownFileType = sourcecode.swift; path = Model.swift; sourceTree = "<group>"; };
/* End PBXFileReference section */

/* Begin PBXFrameworksBuildPhase section */
		1E8B03FA1D944F6900E20A44 /* Frameworks */ = {
			isa = PBXFrameworksBuildPhase;
			buildActionMask = 2147483647;
			files = (
			);
			runOnlyForDeploymentPostprocessing = 0;
		};
/* End PBXFrameworksBuildPhase section */

/* Begin PBXGroup section */
		1E8B03F41D944F6900E20A44 = {
			isa = PBXGroup;
			children = (
				1E8B03FF1D944F6900E20A44 /* VirtualTourist */,
				1E8B03FE1D944F6900E20A44 /* Products */,
			);
			sourceTree = "<group>";
		};
		1E8B03FE1D944F6900E20A44 /* Products */ = {
			isa = PBXGroup;
			children = (
				1E8B03FD1D944F6900E20A44 /* VirtualTourist.app */,
			);
			name = Products;
			sourceTree = "<group>";
		};
		1E8B03FF1D944F6900E20A44 /* VirtualTourist */ = {
			isa = PBXGroup;
			children = (
				1E8B04001D944F6900E20A44 /* AppDelegate.swift */,
				1E8B04021D944F6900E20A44 /* MapViewController.swift */,
				1E58FF021D96326900ED255E /* MapView+Extensions.swift */,
				1E8B04121D94550A00E20A44 /* DataController.swift */,
				1E8B04141D94706C00E20A44 /* Model.swift */,
				1E8B04041D944F6900E20A44 /* Main.storyboard */,
				1E8B04071D944F6900E20A44 /* Assets.xcassets */,
				1E8B04091D944F6900E20A44 /* LaunchScreen.storyboard */,
				1E8B040C1D944F6900E20A44 /* Info.plist */,
			);
			path = VirtualTourist;
			sourceTree = "<group>";
		};
/* End PBXGroup section */

/* Begin PBXNativeTarget section */
		1E8B03FC1D944F6900E20A44 /* VirtualTourist */ = {
			isa = PBXNativeTarget;
			buildConfigurationList = 1E8B040F1D944F6900E20A44 /* Build configuration list for PBXNativeTarget "VirtualTourist" */;
			buildPhases = (
				1E8B03F91D944F6900E20A44 /* Sources */,
				1E8B03FA1D944F6900E20A44 /* Frameworks */,
				1E8B03FB1D944F6900E20A44 /* Resources */,
			);
			buildRules = (
			);
			dependencies = (
			);
			name = VirtualTourist;
			productName = VirtualTourist;
			productReference = 1E8B03FD1D944F6900E20A44 /* VirtualTourist.app */;
			productType = "com.apple.product-type.application";
		};
/* End PBXNativeTarget section */

/* Begin PBXProject section */
		1E8B03F51D944F6900E20A44 /* Project object */ = {
			isa = PBXProject;
			attributes = {
				LastSwiftUpdateCheck = 0800;
				LastUpgradeCheck = 0800;
				ORGANIZATIONNAME = masters3d;
				TargetAttributes = {
					1E8B03FC1D944F6900E20A44 = {
						CreatedOnToolsVersion = 8.0;
						DevelopmentTeam = 98V23JL673;
						ProvisioningStyle = Automatic;
					};
				};
			};
			buildConfigurationList = 1E8B03F81D944F6900E20A44 /* Build configuration list for PBXProject "VirtualTourist" */;
			compatibilityVersion = "Xcode 3.2";
			developmentRegion = English;
			hasScannedForEncodings = 0;
			knownRegions = (
				en,
				Base,
			);
			mainGroup = 1E8B03F41D944F6900E20A44;
			productRefGroup = 1E8B03FE1D944F6900E20A44 /* Products */;
			projectDirPath = "";
			projectRoot = "";
			targets = (
				1E8B03FC1D944F6900E20A44 /* VirtualTourist */,
			);
		};
/* End PBXProject section */

/* Begin PBXResourcesBuildPhase section */
		1E8B03FB1D944F6900E20A44 /* Resources */ = {
			isa = PBXResourcesBuildPhase;
			buildActionMask = 2147483647;
			files = (
				1E8B040B1D944F6900E20A44 /* LaunchScreen.storyboard in Resources */,
				1E8B04081D944F6900E20A44 /* Assets.xcassets in Resources */,
				1E8B04061D944F6900E20A44 /* Main.storyboard in Resources */,
			);
			runOnlyForDeploymentPostprocessing = 0;
		};
/* End PBXResourcesBuildPhase section */

/* Begin PBXSourcesBuildPhase section */
		1E8B03F91D944F6900E20A44 /* Sources */ = {
			isa = PBXSourcesBuildPhase;
			buildActionMask = 2147483647;
			files = (
				1E8B04031D944F6900E20A44 /* MapViewController.swift in Sources */,
				1E58FF031D96326900ED255E /* MapView+Extensions.swift in Sources */,
				1E8B04131D94550A00E20A44 /* DataController.swift in Sources */,
				1E8B04011D944F6900E20A44 /* AppDelegate.swift in Sources */,
				1E8B04151D94706C00E20A44 /* Model.swift in Sources */,
			);
			runOnlyForDeploymentPostprocessing = 0;
		};
/* End PBXSourcesBuildPhase section */

/* Begin PBXVariantGroup section */
		1E8B04041D944F6900E20A44 /* Main.storyboard */ = {
			isa = PBXVariantGroup;
			children = (
				1E8B04051D944F6900E20A44 /* Base */,
			);
			name = Main.storyboard;
			sourceTree = "<group>";
		};
		1E8B04091D944F6900E20A44 /* LaunchScreen.storyboard */ = {
			isa = PBXVariantGroup;
			children = (
				1E8B040A1D944F6900E20A44 /* Base */,
			);
			name = LaunchScreen.storyboard;
			sourceTree = "<group>";
		};
/* End PBXVariantGroup section */

/* Begin XCBuildConfiguration section */
		1E8B040D1D944F6900E20A44 /* Debug */ = {
			isa = XCBuildConfiguration;
			buildSettings = {
				ALWAYS_SEARCH_USER_PATHS = NO;
				CLANG_ANALYZER_NONNULL = YES;
				CLANG_CXX_LANGUAGE_STANDARD = "gnu++0x";
				CLANG_CXX_LIBRARY = "libc++";
				CLANG_ENABLE_MODULES = YES;
				CLANG_ENABLE_OBJC_ARC = YES;
				CLANG_WARN_BOOL_CONVERSION = YES;
				CLANG_WARN_CONSTANT_CONVERSION = YES;
				CLANG_WARN_DIRECT_OBJC_ISA_USAGE = YES_ERROR;
				CLANG_WARN_DOCUMENTATION_COMMENTS = YES;
				CLANG_WARN_EMPTY_BODY = YES;
				CLANG_WARN_ENUM_CONVERSION = YES;
				CLANG_WARN_INFINITE_RECURSION = YES;
				CLANG_WARN_INT_CONVERSION = YES;
				CLANG_WARN_OBJC_ROOT_CLASS = YES_ERROR;
				CLANG_WARN_SUSPICIOUS_MOVES = YES;
				CLANG_WARN_UNREACHABLE_CODE = YES;
				CLANG_WARN__DUPLICATE_METHOD_MATCH = YES;
				"CODE_SIGN_IDENTITY[sdk=iphoneos*]" = "iPhone Developer";
				COPY_PHASE_STRIP = NO;
				DEBUG_INFORMATION_FORMAT = dwarf;
				ENABLE_STRICT_OBJC_MSGSEND = YES;
				ENABLE_TESTABILITY = YES;
				GCC_C_LANGUAGE_STANDARD = gnu99;
				GCC_DYNAMIC_NO_PIC = NO;
				GCC_NO_COMMON_BLOCKS = YES;
				GCC_OPTIMIZATION_LEVEL = 0;
				GCC_PREPROCESSOR_DEFINITIONS = (
					"DEBUG=1",
					"$(inherited)",
				);
				GCC_WARN_64_TO_32_BIT_CONVERSION = YES;
				GCC_WARN_ABOUT_RETURN_TYPE = YES_ERROR;
				GCC_WARN_UNDECLARED_SELECTOR = YES;
				GCC_WARN_UNINITIALIZED_AUTOS = YES_AGGRESSIVE;
				GCC_WARN_UNUSED_FUNCTION = YES;
				GCC_WARN_UNUSED_VARIABLE = YES;
				IPHONEOS_DEPLOYMENT_TARGET = 10.0;
				MTL_ENABLE_DEBUG_INFO = YES;
				ONLY_ACTIVE_ARCH = YES;
				SDKROOT = iphoneos;
				SWIFT_ACTIVE_COMPILATION_CONDITIONS = DEBUG;
				SWIFT_OPTIMIZATION_LEVEL = "-Onone";
			};
			name = Debug;
		};
		1E8B040E1D944F6900E20A44 /* Release */ = {
			isa = XCBuildConfiguration;
			buildSettings = {
				ALWAYS_SEARCH_USER_PATHS = NO;
				CLANG_ANALYZER_NONNULL = YES;
				CLANG_CXX_LANGUAGE_STANDARD = "gnu++0x";
				CLANG_CXX_LIBRARY = "libc++";
				CLANG_ENABLE_MODULES = YES;
				CLANG_ENABLE_OBJC_ARC = YES;
				CLANG_WARN_BOOL_CONVERSION = YES;
				CLANG_WARN_CONSTANT_CONVERSION = YES;
				CLANG_WARN_DIRECT_OBJC_ISA_USAGE = YES_ERROR;
				CLANG_WARN_DOCUMENTATION_COMMENTS = YES;
				CLANG_WARN_EMPTY_BODY = YES;
				CLANG_WARN_ENUM_CONVERSION = YES;
				CLANG_WARN_INFINITE_RECURSION = YES;
				CLANG_WARN_INT_CONVERSION = YES;
				CLANG_WARN_OBJC_ROOT_CLASS = YES_ERROR;
				CLANG_WARN_SUSPICIOUS_MOVES = YES;
				CLANG_WARN_UNREACHABLE_CODE = YES;
				CLANG_WARN__DUPLICATE_METHOD_MATCH = YES;
				"CODE_SIGN_IDENTITY[sdk=iphoneos*]" = "iPhone Developer";
				COPY_PHASE_STRIP = NO;
				DEBUG_INFORMATION_FORMAT = "dwarf-with-dsym";
				ENABLE_NS_ASSERTIONS = NO;
				ENABLE_STRICT_OBJC_MSGSEND = YES;
				GCC_C_LANGUAGE_STANDARD = gnu99;
				GCC_NO_COMMON_BLOCKS = YES;
				GCC_WARN_64_TO_32_BIT_CONVERSION = YES;
				GCC_WARN_ABOUT_RETURN_TYPE = YES_ERROR;
				GCC_WARN_UNDECLARED_SELECTOR = YES;
				GCC_WARN_UNINITIALIZED_AUTOS = YES_AGGRESSIVE;
				GCC_WARN_UNUSED_FUNCTION = YES;
				GCC_WARN_UNUSED_VARIABLE = YES;
				IPHONEOS_DEPLOYMENT_TARGET = 10.0;
				MTL_ENABLE_DEBUG_INFO = NO;
				SDKROOT = iphoneos;
				SWIFT_OPTIMIZATION_LEVEL = "-Owholemodule";
				VALIDATE_PRODUCT = YES;
			};
			name = Release;
		};
		1E8B04101D944F6900E20A44 /* Debug */ = {
			isa = XCBuildConfiguration;
			buildSettings = {
				ASSETCATALOG_COMPILER_APPICON_NAME = AppIcon;
				DEVELOPMENT_TEAM = 98V23JL673;
				INFOPLIST_FILE = VirtualTourist/Info.plist;
				LD_RUNPATH_SEARCH_PATHS = "$(inherited) @executable_path/Frameworks";
				PRODUCT_BUNDLE_IDENTIFIER = com.masters3d.VirtualTourist;
				PRODUCT_NAME = "$(TARGET_NAME)";
				SWIFT_VERSION = 3.0;
			};
			name = Debug;
		};
		1E8B04111D944F6900E20A44 /* Release */ = {
			isa = XCBuildConfiguration;
			buildSettings = {
				ASSETCATALOG_COMPILER_APPICON_NAME = AppIcon;
				DEVELOPMENT_TEAM = 98V23JL673;
				INFOPLIST_FILE = VirtualTourist/Info.plist;
				LD_RUNPATH_SEARCH_PATHS = "$(inherited) @executable_path/Frameworks";
				PRODUCT_BUNDLE_IDENTIFIER = com.masters3d.VirtualTourist;
				PRODUCT_NAME = "$(TARGET_NAME)";
				SWIFT_VERSION = 3.0;
			};
			name = Release;
		};
/* End XCBuildConfiguration section */

/* Begin XCConfigurationList section */
		1E8B03F81D944F6900E20A44 /* Build configuration list for PBXProject "VirtualTourist" */ = {
			isa = XCConfigurationList;
			buildConfigurations = (
				1E8B040D1D944F6900E20A44 /* Debug */,
				1E8B040E1D944F6900E20A44 /* Release */,
			);
			defaultConfigurationIsVisible = 0;
			defaultConfigurationName = Release;
		};
		1E8B040F1D944F6900E20A44 /* Build configuration list for PBXNativeTarget "VirtualTourist" */ = {
			isa = XCConfigurationList;
			buildConfigurations = (
				1E8B04101D944F6900E20A44 /* Debug */,
				1E8B04111D944F6900E20A44 /* Release */,
			);
			defaultConfigurationIsVisible = 0;
			defaultConfigurationName = Release;
		};
/* End XCConfigurationList section */
	};
	rootObject = 1E8B03F51D944F6900E20A44 /* Project object */;
}
